// !$*UTF8*$!
{
	archiveVersion = 1;
	classes = {
	};
	objectVersion = 56;
	objects = {

/* Begin PBXBuildFile section */
		A7A04F162AE15058004EB4D5 /* ApiRestLearningApp.swift in Sources */ = {isa = PBXBuildFile; fileRef = A7A04F152AE15058004EB4D5 /* ApiRestLearningApp.swift */; };
		A7A04F182AE15058004EB4D5 /* ContentView.swift in Sources */ = {isa = PBXBuildFile; fileRef = A7A04F172AE15058004EB4D5 /* ContentView.swift */; };
		A7A04F1A2AE15059004EB4D5 /* Assets.xcassets in Resources */ = {isa = PBXBuildFile; fileRef = A7A04F192AE15059004EB4D5 /* Assets.xcassets */; };
		A7A04F1D2AE15059004EB4D5 /* Preview Assets.xcassets in Resources */ = {isa = PBXBuildFile; fileRef = A7A04F1C2AE15059004EB4D5 /* Preview Assets.xcassets */; };
		A7A04F272AE15059004EB4D5 /* ApiRestLearningTests.swift in Sources */ = {isa = PBXBuildFile; fileRef = A7A04F262AE15059004EB4D5 /* ApiRestLearningTests.swift */; };
		A7A04F312AE15059004EB4D5 /* ApiRestLearningUITests.swift in Sources */ = {isa = PBXBuildFile; fileRef = A7A04F302AE15059004EB4D5 /* ApiRestLearningUITests.swift */; };
		A7A04F332AE15059004EB4D5 /* ApiRestLearningUITestsLaunchTests.swift in Sources */ = {isa = PBXBuildFile; fileRef = A7A04F322AE15059004EB4D5 /* ApiRestLearningUITestsLaunchTests.swift */; };
/* End PBXBuildFile section */

/* Begin PBXContainerItemProxy section */
		A7A04F232AE15059004EB4D5 /* PBXContainerItemProxy */ = {
			isa = PBXContainerItemProxy;
			containerPortal = A7A04F0A2AE15058004EB4D5 /* Project object */;
			proxyType = 1;
			remoteGlobalIDString = A7A04F112AE15058004EB4D5;
			remoteInfo = ApiRestLearning;
		};
		A7A04F2D2AE15059004EB4D5 /* PBXContainerItemProxy */ = {
			isa = PBXContainerItemProxy;
			containerPortal = A7A04F0A2AE15058004EB4D5 /* Project object */;
			proxyType = 1;
			remoteGlobalIDString = A7A04F112AE15058004EB4D5;
			remoteInfo = ApiRestLearning;
		};
/* End PBXContainerItemProxy section */

/* Begin PBXFileReference section */
		A7A04F122AE15058004EB4D5 /* ApiRestLearning.app */ = {isa = PBXFileReference; explicitFileType = wrapper.application; includeInIndex = 0; path = ApiRestLearning.app; sourceTree = BUILT_PRODUCTS_DIR; };
		A7A04F152AE15058004EB4D5 /* ApiRestLearningApp.swift */ = {isa = PBXFileReference; lastKnownFileType = sourcecode.swift; path = ApiRestLearningApp.swift; sourceTree = "<group>"; };
		A7A04F172AE15058004EB4D5 /* ContentView.swift */ = {isa = PBXFileReference; lastKnownFileType = sourcecode.swift; path = ContentView.swift; sourceTree = "<group>"; };
		A7A04F192AE15059004EB4D5 /* Assets.xcassets */ = {isa = PBXFileReference; lastKnownFileType = folder.assetcatalog; path = Assets.xcassets; sourceTree = "<group>"; };
		A7A04F1C2AE15059004EB4D5 /* Preview Assets.xcassets */ = {isa = PBXFileReference; lastKnownFileType = folder.assetcatalog; path = "Preview Assets.xcassets"; sourceTree = "<group>"; };
		A7A04F222AE15059004EB4D5 /* ApiRestLearningTests.xctest */ = {isa = PBXFileReference; explicitFileType = wrapper.cfbundle; includeInIndex = 0; path = ApiRestLearningTests.xctest; sourceTree = BUILT_PRODUCTS_DIR; };
		A7A04F262AE15059004EB4D5 /* ApiRestLearningTests.swift */ = {isa = PBXFileReference; lastKnownFileType = sourcecode.swift; path = ApiRestLearningTests.swift; sourceTree = "<group>"; };
		A7A04F2C2AE15059004EB4D5 /* ApiRestLearningUITests.xctest */ = {isa = PBXFileReference; explicitFileType = wrapper.cfbundle; includeInIndex = 0; path = ApiRestLearningUITests.xctest; sourceTree = BUILT_PRODUCTS_DIR; };
		A7A04F302AE15059004EB4D5 /* ApiRestLearningUITests.swift */ = {isa = PBXFileReference; lastKnownFileType = sourcecode.swift; path = ApiRestLearningUITests.swift; sourceTree = "<group>"; };
		A7A04F322AE15059004EB4D5 /* ApiRestLearningUITestsLaunchTests.swift */ = {isa = PBXFileReference; lastKnownFileType = sourcecode.swift; path = ApiRestLearningUITestsLaunchTests.swift; sourceTree = "<group>"; };
/* End PBXFileReference section */

/* Begin PBXFrameworksBuildPhase section */
		A7A04F0F2AE15058004EB4D5 /* Frameworks */ = {
			isa = PBXFrameworksBuildPhase;
			buildActionMask = 2147483647;
			files = (
			);
			runOnlyForDeploymentPostprocessing = 0;
		};
		A7A04F1F2AE15059004EB4D5 /* Frameworks */ = {
			isa = PBXFrameworksBuildPhase;
			buildActionMask = 2147483647;
			files = (
			);
			runOnlyForDeploymentPostprocessing = 0;
		};
		A7A04F292AE15059004EB4D5 /* Frameworks */ = {
			isa = PBXFrameworksBuildPhase;
			buildActionMask = 2147483647;
			files = (
			);
			runOnlyForDeploymentPostprocessing = 0;
		};
/* End PBXFrameworksBuildPhase section */

/* Begin PBXGroup section */
		A7A04F092AE15058004EB4D5 = {
			isa = PBXGroup;
			children = (
				A7A04F142AE15058004EB4D5 /* ApiRestLearning */,
				A7A04F252AE15059004EB4D5 /* ApiRestLearningTests */,
				A7A04F2F2AE15059004EB4D5 /* ApiRestLearningUITests */,
				A7A04F132AE15058004EB4D5 /* Products */,
			);
			sourceTree = "<group>";
		};
		A7A04F132AE15058004EB4D5 /* Products */ = {
			isa = PBXGroup;
			children = (
				A7A04F122AE15058004EB4D5 /* ApiRestLearning.app */,
				A7A04F222AE15059004EB4D5 /* ApiRestLearningTests.xctest */,
				A7A04F2C2AE15059004EB4D5 /* ApiRestLearningUITests.xctest */,
			);
			name = Products;
			sourceTree = "<group>";
		};
		A7A04F142AE15058004EB4D5 /* ApiRestLearning */ = {
			isa = PBXGroup;
			children = (
				A7A04F152AE15058004EB4D5 /* ApiRestLearningApp.swift */,
				A7A04F172AE15058004EB4D5 /* ContentView.swift */,
				A7A04F192AE15059004EB4D5 /* Assets.xcassets */,
				A7A04F1B2AE15059004EB4D5 /* Preview Content */,
			);
			path = ApiRestLearning;
			sourceTree = "<group>";
		};
		A7A04F1B2AE15059004EB4D5 /* Preview Content */ = {
			isa = PBXGroup;
			children = (
				A7A04F1C2AE15059004EB4D5 /* Preview Assets.xcassets */,
			);
			path = "Preview Content";
			sourceTree = "<group>";
		};
		A7A04F252AE15059004EB4D5 /* ApiRestLearningTests */ = {
			isa = PBXGroup;
			children = (
				A7A04F262AE15059004EB4D5 /* ApiRestLearningTests.swift */,
			);
			path = ApiRestLearningTests;
			sourceTree = "<group>";
		};
		A7A04F2F2AE15059004EB4D5 /* ApiRestLearningUITests */ = {
			isa = PBXGroup;
			children = (
				A7A04F302AE15059004EB4D5 /* ApiRestLearningUITests.swift */,
				A7A04F322AE15059004EB4D5 /* ApiRestLearningUITestsLaunchTests.swift */,
			);
			path = ApiRestLearningUITests;
			sourceTree = "<group>";
		};
/* End PBXGroup section */

/* Begin PBXNativeTarget section */
		A7A04F112AE15058004EB4D5 /* ApiRestLearning */ = {
			isa = PBXNativeTarget;
			buildConfigurationList = A7A04F362AE15059004EB4D5 /* Build configuration list for PBXNativeTarget "ApiRestLearning" */;
			buildPhases = (
				A7A04F0E2AE15058004EB4D5 /* Sources */,
				A7A04F0F2AE15058004EB4D5 /* Frameworks */,
				A7A04F102AE15058004EB4D5 /* Resources */,
			);
			buildRules = (
			);
			dependencies = (
			);
			name = ApiRestLearning;
			productName = ApiRestLearning;
			productReference = A7A04F122AE15058004EB4D5 /* ApiRestLearning.app */;
			productType = "com.apple.product-type.application";
		};
		A7A04F212AE15059004EB4D5 /* ApiRestLearningTests */ = {
			isa = PBXNativeTarget;
			buildConfigurationList = A7A04F392AE15059004EB4D5 /* Build configuration list for PBXNativeTarget "ApiRestLearningTests" */;
			buildPhases = (
				A7A04F1E2AE15059004EB4D5 /* Sources */,
				A7A04F1F2AE15059004EB4D5 /* Frameworks */,
				A7A04F202AE15059004EB4D5 /* Resources */,
			);
			buildRules = (
			);
			dependencies = (
				A7A04F242AE15059004EB4D5 /* PBXTargetDependency */,
			);
			name = ApiRestLearningTests;
			productName = ApiRestLearningTests;
			productReference = A7A04F222AE15059004EB4D5 /* ApiRestLearningTests.xctest */;
			productType = "com.apple.product-type.bundle.unit-test";
		};
		A7A04F2B2AE15059004EB4D5 /* ApiRestLearningUITests */ = {
			isa = PBXNativeTarget;
			buildConfigurationList = A7A04F3C2AE15059004EB4D5 /* Build configuration list for PBXNativeTarget "ApiRestLearningUITests" */;
			buildPhases = (
				A7A04F282AE15059004EB4D5 /* Sources */,
				A7A04F292AE15059004EB4D5 /* Frameworks */,
				A7A04F2A2AE15059004EB4D5 /* Resources */,
			);
			buildRules = (
			);
			dependencies = (
				A7A04F2E2AE15059004EB4D5 /* PBXTargetDependency */,
			);
			name = ApiRestLearningUITests;
			productName = ApiRestLearningUITests;
			productReference = A7A04F2C2AE15059004EB4D5 /* ApiRestLearningUITests.xctest */;
			productType = "com.apple.product-type.bundle.ui-testing";
		};
/* End PBXNativeTarget section */

/* Begin PBXProject section */
		A7A04F0A2AE15058004EB4D5 /* Project object */ = {
			isa = PBXProject;
			attributes = {
				BuildIndependentTargetsInParallel = 1;
				LastSwiftUpdateCheck = 1430;
				LastUpgradeCheck = 1430;
				TargetAttributes = {
					A7A04F112AE15058004EB4D5 = {
						CreatedOnToolsVersion = 14.3.1;
					};
					A7A04F212AE15059004EB4D5 = {
						CreatedOnToolsVersion = 14.3.1;
						TestTargetID = A7A04F112AE15058004EB4D5;
					};
					A7A04F2B2AE15059004EB4D5 = {
						CreatedOnToolsVersion = 14.3.1;
						TestTargetID = A7A04F112AE15058004EB4D5;
					};
				};
			};
			buildConfigurationList = A7A04F0D2AE15058004EB4D5 /* Build configuration list for PBXProject "ApiRestLearning" */;
			compatibilityVersion = "Xcode 14.0";
			developmentRegion = en;
			hasScannedForEncodings = 0;
			knownRegions = (
				en,
				Base,
			);
			mainGroup = A7A04F092AE15058004EB4D5;
			productRefGroup = A7A04F132AE15058004EB4D5 /* Products */;
			projectDirPath = "";
			projectRoot = "";
			targets = (
				A7A04F112AE15058004EB4D5 /* ApiRestLearning */,
				A7A04F212AE15059004EB4D5 /* ApiRestLearningTests */,
				A7A04F2B2AE15059004EB4D5 /* ApiRestLearningUITests */,
			);
		};
/* End PBXProject section */

/* Begin PBXResourcesBuildPhase section */
		A7A04F102AE15058004EB4D5 /* Resources */ = {
			isa = PBXResourcesBuildPhase;
			buildActionMask = 2147483647;
			files = (
				A7A04F1D2AE15059004EB4D5 /* Preview Assets.xcassets in Resources */,
				A7A04F1A2AE15059004EB4D5 /* Assets.xcassets in Resources */,
			);
			runOnlyForDeploymentPostprocessing = 0;
		};
		A7A04F202AE15059004EB4D5 /* Resources */ = {
			isa = PBXResourcesBuildPhase;
			buildActionMask = 2147483647;
			files = (
			);
			runOnlyForDeploymentPostprocessing = 0;
		};
		A7A04F2A2AE15059004EB4D5 /* Resources */ = {
			isa = PBXResourcesBuildPhase;
			buildActionMask = 2147483647;
			files = (
			);
			runOnlyForDeploymentPostprocessing = 0;
		};
/* End PBXResourcesBuildPhase section */

/* Begin PBXSourcesBuildPhase section */
		A7A04F0E2AE15058004EB4D5 /* Sources */ = {
			isa = PBXSourcesBuildPhase;
			buildActionMask = 2147483647;
			files = (
				A7A04F182AE15058004EB4D5 /* ContentView.swift in Sources */,
				A7A04F162AE15058004EB4D5 /* ApiRestLearningApp.swift in Sources */,
			);
			runOnlyForDeploymentPostprocessing = 0;
		};
		A7A04F1E2AE15059004EB4D5 /* Sources */ = {
			isa = PBXSourcesBuildPhase;
			buildActionMask = 2147483647;
			files = (
				A7A04F272AE15059004EB4D5 /* ApiRestLearningTests.swift in Sources */,
			);
			runOnlyForDeploymentPostprocessing = 0;
		};
		A7A04F282AE15059004EB4D5 /* Sources */ = {
			isa = PBXSourcesBuildPhase;
			buildActionMask = 2147483647;
			files = (
				A7A04F312AE15059004EB4D5 /* ApiRestLearningUITests.swift in Sources */,
				A7A04F332AE15059004EB4D5 /* ApiRestLearningUITestsLaunchTests.swift in Sources */,
			);
			runOnlyForDeploymentPostprocessing = 0;
		};
/* End PBXSourcesBuildPhase section */

/* Begin PBXTargetDependency section */
		A7A04F242AE15059004EB4D5 /* PBXTargetDependency */ = {
			isa = PBXTargetDependency;
			target = A7A04F112AE15058004EB4D5 /* ApiRestLearning */;
			targetProxy = A7A04F232AE15059004EB4D5 /* PBXContainerItemProxy */;
		};
		A7A04F2E2AE15059004EB4D5 /* PBXTargetDependency */ = {
			isa = PBXTargetDependency;
			target = A7A04F112AE15058004EB4D5 /* ApiRestLearning */;
			targetProxy = A7A04F2D2AE15059004EB4D5 /* PBXContainerItemProxy */;
		};
/* End PBXTargetDependency section */

/* Begin XCBuildConfiguration section */
		A7A04F342AE15059004EB4D5 /* Debug */ = {
			isa = XCBuildConfiguration;
			buildSettings = {
				ALWAYS_SEARCH_USER_PATHS = NO;
				CLANG_ANALYZER_NONNULL = YES;
				CLANG_ANALYZER_NUMBER_OBJECT_CONVERSION = YES_AGGRESSIVE;
				CLANG_CXX_LANGUAGE_STANDARD = "gnu++20";
				CLANG_ENABLE_MODULES = YES;
				CLANG_ENABLE_OBJC_ARC = YES;
				CLANG_ENABLE_OBJC_WEAK = YES;
				CLANG_WARN_BLOCK_CAPTURE_AUTORELEASING = YES;
				CLANG_WARN_BOOL_CONVERSION = YES;
				CLANG_WARN_COMMA = YES;
				CLANG_WARN_CONSTANT_CONVERSION = YES;
				CLANG_WARN_DEPRECATED_OBJC_IMPLEMENTATIONS = YES;
				CLANG_WARN_DIRECT_OBJC_ISA_USAGE = YES_ERROR;
				CLANG_WARN_DOCUMENTATION_COMMENTS = YES;
				CLANG_WARN_EMPTY_BODY = YES;
				CLANG_WARN_ENUM_CONVERSION = YES;
				CLANG_WARN_INFINITE_RECURSION = YES;
				CLANG_WARN_INT_CONVERSION = YES;
				CLANG_WARN_NON_LITERAL_NULL_CONVERSION = YES;
				CLANG_WARN_OBJC_IMPLICIT_RETAIN_SELF = YES;
				CLANG_WARN_OBJC_LITERAL_CONVERSION = YES;
				CLANG_WARN_OBJC_ROOT_CLASS = YES_ERROR;
				CLANG_WARN_QUOTED_INCLUDE_IN_FRAMEWORK_HEADER = YES;
				CLANG_WARN_RANGE_LOOP_ANALYSIS = YES;
				CLANG_WARN_STRICT_PROTOTYPES = YES;
				CLANG_WARN_SUSPICIOUS_MOVE = YES;
				CLANG_WARN_UNGUARDED_AVAILABILITY = YES_AGGRESSIVE;
				CLANG_WARN_UNREACHABLE_CODE = YES;
				CLANG_WARN__DUPLICATE_METHOD_MATCH = YES;
				COPY_PHASE_STRIP = NO;
				DEBUG_INFORMATION_FORMAT = dwarf;
				ENABLE_STRICT_OBJC_MSGSEND = YES;
				ENABLE_TESTABILITY = YES;
				GCC_C_LANGUAGE_STANDARD = gnu11;
				GCC_DYNAMIC_NO_PIC = NO;
				GCC_NO_COMMON_BLOCKS = YES;
				GCC_OPTIMIZATION_LEVEL = 0;
				GCC_PREPROCESSOR_DEFINITIONS = (
					"DEBUG=1",
					"$(inherited)",
				);
				GCC_WARN_64_TO_32_BIT_CONVERSION = YES;
				GCC_WARN_ABOUT_RETURN_TYPE = YES_ERROR;
				GCC_WARN_UNDECLARED_SELECTOR = YES;
				GCC_WARN_UNINITIALIZED_AUTOS = YES_AGGRESSIVE;
				GCC_WARN_UNUSED_FUNCTION = YES;
				GCC_WARN_UNUSED_VARIABLE = YES;
				IPHONEOS_DEPLOYMENT_TARGET = 16.4;
				MTL_ENABLE_DEBUG_INFO = INCLUDE_SOURCE;
				MTL_FAST_MATH = YES;
				ONLY_ACTIVE_ARCH = YES;
				SDKROOT = iphoneos;
				SWIFT_ACTIVE_COMPILATION_CONDITIONS = DEBUG;
				SWIFT_OPTIMIZATION_LEVEL = "-Onone";
			};
			name = Debug;
		};
		A7A04F352AE15059004EB4D5 /* Release */ = {
			isa = XCBuildConfiguration;
			buildSettings = {
				ALWAYS_SEARCH_USER_PATHS = NO;
				CLANG_ANALYZER_NONNULL = YES;
				CLANG_ANALYZER_NUMBER_OBJECT_CONVERSION = YES_AGGRESSIVE;
				CLANG_CXX_LANGUAGE_STANDARD = "gnu++20";
				CLANG_ENABLE_MODULES = YES;
				CLANG_ENABLE_OBJC_ARC = YES;
				CLANG_ENABLE_OBJC_WEAK = YES;
				CLANG_WARN_BLOCK_CAPTURE_AUTORELEASING = YES;
				CLANG_WARN_BOOL_CONVERSION = YES;
				CLANG_WARN_COMMA = YES;
				CLANG_WARN_CONSTANT_CONVERSION = YES;
				CLANG_WARN_DEPRECATED_OBJC_IMPLEMENTATIONS = YES;
				CLANG_WARN_DIRECT_OBJC_ISA_USAGE = YES_ERROR;
				CLANG_WARN_DOCUMENTATION_COMMENTS = YES;
				CLANG_WARN_EMPTY_BODY = YES;
				CLANG_WARN_ENUM_CONVERSION = YES;
				CLANG_WARN_INFINITE_RECURSION = YES;
				CLANG_WARN_INT_CONVERSION = YES;
				CLANG_WARN_NON_LITERAL_NULL_CONVERSION = YES;
				CLANG_WARN_OBJC_IMPLICIT_RETAIN_SELF = YES;
				CLANG_WARN_OBJC_LITERAL_CONVERSION = YES;
				CLANG_WARN_OBJC_ROOT_CLASS = YES_ERROR;
				CLANG_WARN_QUOTED_INCLUDE_IN_FRAMEWORK_HEADER = YES;
				CLANG_WARN_RANGE_LOOP_ANALYSIS = YES;
				CLANG_WARN_STRICT_PROTOTYPES = YES;
				CLANG_WARN_SUSPICIOUS_MOVE = YES;
				CLANG_WARN_UNGUARDED_AVAILABILITY = YES_AGGRESSIVE;
				CLANG_WARN_UNREACHABLE_CODE = YES;
				CLANG_WARN__DUPLICATE_METHOD_MATCH = YES;
				COPY_PHASE_STRIP = NO;
				DEBUG_INFORMATION_FORMAT = "dwarf-with-dsym";
				ENABLE_NS_ASSERTIONS = NO;
				ENABLE_STRICT_OBJC_MSGSEND = YES;
				GCC_C_LANGUAGE_STANDARD = gnu11;
				GCC_NO_COMMON_BLOCKS = YES;
				GCC_WARN_64_TO_32_BIT_CONVERSION = YES;
				GCC_WARN_ABOUT_RETURN_TYPE = YES_ERROR;
				GCC_WARN_UNDECLARED_SELECTOR = YES;
				GCC_WARN_UNINITIALIZED_AUTOS = YES_AGGRESSIVE;
				GCC_WARN_UNUSED_FUNCTION = YES;
				GCC_WARN_UNUSED_VARIABLE = YES;
				IPHONEOS_DEPLOYMENT_TARGET = 16.4;
				MTL_ENABLE_DEBUG_INFO = NO;
				MTL_FAST_MATH = YES;
				SDKROOT = iphoneos;
				SWIFT_COMPILATION_MODE = wholemodule;
				SWIFT_OPTIMIZATION_LEVEL = "-O";
				VALIDATE_PRODUCT = YES;
			};
			name = Release;
		};
		A7A04F372AE15059004EB4D5 /* Debug */ = {
			isa = XCBuildConfiguration;
			buildSettings = {
				ASSETCATALOG_COMPILER_APPICON_NAME = AppIcon;
				ASSETCATALOG_COMPILER_GLOBAL_ACCENT_COLOR_NAME = AccentColor;
				CODE_SIGN_STYLE = Automatic;
				CURRENT_PROJECT_VERSION = 1;
				DEVELOPMENT_ASSET_PATHS = "\"ApiRestLearning/Preview Content\"";
				ENABLE_PREVIEWS = YES;
				GENERATE_INFOPLIST_FILE = YES;
				INFOPLIST_KEY_UIApplicationSceneManifest_Generation = YES;
				INFOPLIST_KEY_UIApplicationSupportsIndirectInputEvents = YES;
				INFOPLIST_KEY_UILaunchScreen_Generation = YES;
				INFOPLIST_KEY_UISupportedInterfaceOrientations_iPad = "UIInterfaceOrientationPortrait UIInterfaceOrientationPortraitUpsideDown UIInterfaceOrientationLandscapeLeft UIInterfaceOrientationLandscapeRight";
				INFOPLIST_KEY_UISupportedInterfaceOrientations_iPhone = "UIInterfaceOrientationPortrait UIInterfaceOrientationLandscapeLeft UIInterfaceOrientationLandscapeRight";
				LD_RUNPATH_SEARCH_PATHS = (
					"$(inherited)",
					"@executable_path/Frameworks",
				);
				MARKETING_VERSION = 1.0;
				PRODUCT_BUNDLE_IDENTIFIER = com.lapisco.ApiRestLearning;
				PRODUCT_NAME = "$(TARGET_NAME)";
				SWIFT_EMIT_LOC_STRINGS = YES;
				SWIFT_VERSION = 5.0;
				TARGETED_DEVICE_FAMILY = "1,2";
			};
			name = Debug;
		};
		A7A04F382AE15059004EB4D5 /* Release */ = {
			isa = XCBuildConfiguration;
			buildSettings = {
				ASSETCATALOG_COMPILER_APPICON_NAME = AppIcon;
				ASSETCATALOG_COMPILER_GLOBAL_ACCENT_COLOR_NAME = AccentColor;
				CODE_SIGN_STYLE = Automatic;
				CURRENT_PROJECT_VERSION = 1;
				DEVELOPMENT_ASSET_PATHS = "\"ApiRestLearning/Preview Content\"";
				ENABLE_PREVIEWS = YES;
				GENERATE_INFOPLIST_FILE = YES;
				INFOPLIST_KEY_UIApplicationSceneManifest_Generation = YES;
				INFOPLIST_KEY_UIApplicationSupportsIndirectInputEvents = YES;
				INFOPLIST_KEY_UILaunchScreen_Generation = YES;
				INFOPLIST_KEY_UISupportedInterfaceOrientations_iPad = "UIInterfaceOrientationPortrait UIInterfaceOrientationPortraitUpsideDown UIInterfaceOrientationLandscapeLeft UIInterfaceOrientationLandscapeRight";
				INFOPLIST_KEY_UISupportedInterfaceOrientations_iPhone = "UIInterfaceOrientationPortrait UIInterfaceOrientationLandscapeLeft UIInterfaceOrientationLandscapeRight";
				LD_RUNPATH_SEARCH_PATHS = (
					"$(inherited)",
					"@executable_path/Frameworks",
				);
				MARKETING_VERSION = 1.0;
				PRODUCT_BUNDLE_IDENTIFIER = com.lapisco.ApiRestLearning;
				PRODUCT_NAME = "$(TARGET_NAME)";
				SWIFT_EMIT_LOC_STRINGS = YES;
				SWIFT_VERSION = 5.0;
				TARGETED_DEVICE_FAMILY = "1,2";
			};
			name = Release;
		};
		A7A04F3A2AE15059004EB4D5 /* Debug */ = {
			isa = XCBuildConfiguration;
			buildSettings = {
				ALWAYS_EMBED_SWIFT_STANDARD_LIBRARIES = YES;
				BUNDLE_LOADER = "$(TEST_HOST)";
				CODE_SIGN_STYLE = Automatic;
				CURRENT_PROJECT_VERSION = 1;
				GENERATE_INFOPLIST_FILE = YES;
				IPHONEOS_DEPLOYMENT_TARGET = 16.4;
				MARKETING_VERSION = 1.0;
				PRODUCT_BUNDLE_IDENTIFIER = com.lapisco.ApiRestLearningTests;
				PRODUCT_NAME = "$(TARGET_NAME)";
				SWIFT_EMIT_LOC_STRINGS = NO;
				SWIFT_VERSION = 5.0;
				TARGETED_DEVICE_FAMILY = "1,2";
				TEST_HOST = "$(BUILT_PRODUCTS_DIR)/ApiRestLearning.app/$(BUNDLE_EXECUTABLE_FOLDER_PATH)/ApiRestLearning";
			};
			name = Debug;
		};
		A7A04F3B2AE15059004EB4D5 /* Release */ = {
			isa = XCBuildConfiguration;
			buildSettings = {
				ALWAYS_EMBED_SWIFT_STANDARD_LIBRARIES = YES;
				BUNDLE_LOADER = "$(TEST_HOST)";
				CODE_SIGN_STYLE = Automatic;
				CURRENT_PROJECT_VERSION = 1;
				GENERATE_INFOPLIST_FILE = YES;
				IPHONEOS_DEPLOYMENT_TARGET = 16.4;
				MARKETING_VERSION = 1.0;
				PRODUCT_BUNDLE_IDENTIFIER = com.lapisco.ApiRestLearningTests;
				PRODUCT_NAME = "$(TARGET_NAME)";
				SWIFT_EMIT_LOC_STRINGS = NO;
				SWIFT_VERSION = 5.0;
				TARGETED_DEVICE_FAMILY = "1,2";
				TEST_HOST = "$(BUILT_PRODUCTS_DIR)/ApiRestLearning.app/$(BUNDLE_EXECUTABLE_FOLDER_PATH)/ApiRestLearning";
			};
			name = Release;
		};
		A7A04F3D2AE15059004EB4D5 /* Debug */ = {
			isa = XCBuildConfiguration;
			buildSettings = {
				ALWAYS_EMBED_SWIFT_STANDARD_LIBRARIES = YES;
				CODE_SIGN_STYLE = Automatic;
				CURRENT_PROJECT_VERSION = 1;
				GENERATE_INFOPLIST_FILE = YES;
				MARKETING_VERSION = 1.0;
				PRODUCT_BUNDLE_IDENTIFIER = com.lapisco.ApiRestLearningUITests;
				PRODUCT_NAME = "$(TARGET_NAME)";
				SWIFT_EMIT_LOC_STRINGS = NO;
				SWIFT_VERSION = 5.0;
				TARGETED_DEVICE_FAMILY = "1,2";
				TEST_TARGET_NAME = ApiRestLearning;
			};
			name = Debug;
		};
		A7A04F3E2AE15059004EB4D5 /* Release */ = {
			isa = XCBuildConfiguration;
			buildSettings = {
				ALWAYS_EMBED_SWIFT_STANDARD_LIBRARIES = YES;
				CODE_SIGN_STYLE = Automatic;
				CURRENT_PROJECT_VERSION = 1;
				GENERATE_INFOPLIST_FILE = YES;
				MARKETING_VERSION = 1.0;
				PRODUCT_BUNDLE_IDENTIFIER = com.lapisco.ApiRestLearningUITests;
				PRODUCT_NAME = "$(TARGET_NAME)";
				SWIFT_EMIT_LOC_STRINGS = NO;
				SWIFT_VERSION = 5.0;
				TARGETED_DEVICE_FAMILY = "1,2";
				TEST_TARGET_NAME = ApiRestLearning;
			};
			name = Release;
		};
/* End XCBuildConfiguration section */

/* Begin XCConfigurationList section */
		A7A04F0D2AE15058004EB4D5 /* Build configuration list for PBXProject "ApiRestLearning" */ = {
			isa = XCConfigurationList;
			buildConfigurations = (
				A7A04F342AE15059004EB4D5 /* Debug */,
				A7A04F352AE15059004EB4D5 /* Release */,
			);
			defaultConfigurationIsVisible = 0;
			defaultConfigurationName = Release;
		};
		A7A04F362AE15059004EB4D5 /* Build configuration list for PBXNativeTarget "ApiRestLearning" */ = {
			isa = XCConfigurationList;
			buildConfigurations = (
				A7A04F372AE15059004EB4D5 /* Debug */,
				A7A04F382AE15059004EB4D5 /* Release */,
			);
			defaultConfigurationIsVisible = 0;
			defaultConfigurationName = Release;
		};
		A7A04F392AE15059004EB4D5 /* Build configuration list for PBXNativeTarget "ApiRestLearningTests" */ = {
			isa = XCConfigurationList;
			buildConfigurations = (
				A7A04F3A2AE15059004EB4D5 /* Debug */,
				A7A04F3B2AE15059004EB4D5 /* Release */,
			);
			defaultConfigurationIsVisible = 0;
			defaultConfigurationName = Release;
		};
		A7A04F3C2AE15059004EB4D5 /* Build configuration list for PBXNativeTarget "ApiRestLearningUITests" */ = {
			isa = XCConfigurationList;
			buildConfigurations = (
				A7A04F3D2AE15059004EB4D5 /* Debug */,
				A7A04F3E2AE15059004EB4D5 /* Release */,
			);
			defaultConfigurationIsVisible = 0;
			defaultConfigurationName = Release;
		};
/* End XCConfigurationList section */
	};
	rootObject = A7A04F0A2AE15058004EB4D5 /* Project object */;
}
